
Microsoft Visual Studio Solution File, Format Version 12.00
# Visual Studio Version 16
VisualStudioVersion = 16.0.29613.14
MinimumVisualStudioVersion = 10.0.40219.1
Project("{FAE04EC0-301F-11D3-BF4B-00C04F79EFBC}") = "battleship", "battleship\battleship.csproj", "{A10409D0-4515-453A-9517-E7C077C0A659}"
EndProject
Global
	GlobalSection(SolutionConfigurationPlatforms) = preSolution
		Debug|Any CPU = Debug|Any CPU
		Release|Any CPU = Release|Any CPU
	EndGlobalSection
	GlobalSection(ProjectConfigurationPlatforms) = postSolution
		{A10409D0-4515-453A-9517-E7C077C0A659}.Debug|Any CPU.ActiveCfg = Debug|Any CPU
		{A10409D0-4515-453A-9517-E7C077C0A659}.Debug|Any CPU.Build.0 = Debug|Any CPU
		{A10409D0-4515-453A-9517-E7C077C0A659}.Release|Any CPU.ActiveCfg = Release|Any CPU
		{A10409D0-4515-453A-9517-E7C077C0A659}.Release|Any CPU.Build.0 = Release|Any CPU
	EndGlobalSection
	GlobalSection(SolutionProperties) = preSolution
		HideSolutionNode = FALSE
	EndGlobalSection
	GlobalSection(ExtensibilityGlobals) = postSolution
		SolutionGuid = {7271954A-D6F1-4479-9318-1C1215F3154D}
	EndGlobalSection
EndGlobal
